
Microsoft Visual Studio Solution File, Format Version 12.00
# Visual Studio Version 16
VisualStudioVersion = 16.0.31729.503
MinimumVisualStudioVersion = 10.0.40219.1
Project("{FAE04EC0-301F-11D3-BF4B-00C04F79EFBC}") = "Flight.ASP.NET", "Flight.ASP.NET\Flight.ASP.NET.csproj", "{19C33135-7B68-4724-BB67-3A4B4ECB13D3}"
EndProject
Global
	GlobalSection(SolutionConfigurationPlatforms) = preSolution
		Debug|Any CPU = Debug|Any CPU
		Release|Any CPU = Release|Any CPU
	EndGlobalSection
	GlobalSection(ProjectConfigurationPlatforms) = postSolution
		{19C33135-7B68-4724-BB67-3A4B4ECB13D3}.Debug|Any CPU.ActiveCfg = Debug|Any CPU
		{19C33135-7B68-4724-BB67-3A4B4ECB13D3}.Debug|Any CPU.Build.0 = Debug|Any CPU
		{19C33135-7B68-4724-BB67-3A4B4ECB13D3}.Release|Any CPU.ActiveCfg = Release|Any CPU
		{19C33135-7B68-4724-BB67-3A4B4ECB13D3}.Release|Any CPU.Build.0 = Release|Any CPU
	EndGlobalSection
	GlobalSection(SolutionProperties) = preSolution
		HideSolutionNode = FALSE
	EndGlobalSection
	GlobalSection(ExtensibilityGlobals) = postSolution
		SolutionGuid = {841226C5-E6ED-437A-A3AE-A8C17254D503}
	EndGlobalSection
EndGlobal
